
Microsoft Visual Studio Solution File, Format Version 12.00
# Visual Studio Version 16
VisualStudioVersion = 16.0.30011.22
MinimumVisualStudioVersion = 10.0.40219.1
Project("{9A19103F-16F7-4668-BE54-9A1E7A4F7556}") = "ShopDienThoai", "ShopDienThoai.csproj", "{7618689E-B40D-4183-B339-467091318203}"
EndProject
Project("{FAE04EC0-301F-11D3-BF4B-00C04F79EFBC}") = "ShopDienThoaiAPI", "..\ShopDienThoaiAPI\ShopDienThoaiAPI.csproj", "{AB9BEF46-67A2-4C91-9330-0C25E99C9FE8}"
EndProject
Global
	GlobalSection(SolutionConfigurationPlatforms) = preSolution
		Debug|Any CPU = Debug|Any CPU
		Debug|x64 = Debug|x64
		Release|Any CPU = Release|Any CPU
		Release|x64 = Release|x64
	EndGlobalSection
	GlobalSection(ProjectConfigurationPlatforms) = postSolution
		{7618689E-B40D-4183-B339-467091318203}.Debug|Any CPU.ActiveCfg = Debug|Any CPU
		{7618689E-B40D-4183-B339-467091318203}.Debug|Any CPU.Build.0 = Debug|Any CPU
		{7618689E-B40D-4183-B339-467091318203}.Debug|x64.ActiveCfg = Debug|x64
		{7618689E-B40D-4183-B339-467091318203}.Debug|x64.Build.0 = Debug|x64
		{7618689E-B40D-4183-B339-467091318203}.Release|Any CPU.ActiveCfg = Release|Any CPU
		{7618689E-B40D-4183-B339-467091318203}.Release|Any CPU.Build.0 = Release|Any CPU
		{7618689E-B40D-4183-B339-467091318203}.Release|x64.ActiveCfg = Release|x64
		{7618689E-B40D-4183-B339-467091318203}.Release|x64.Build.0 = Release|x64
		{AB9BEF46-67A2-4C91-9330-0C25E99C9FE8}.Debug|Any CPU.ActiveCfg = Debug|Any CPU
		{AB9BEF46-67A2-4C91-9330-0C25E99C9FE8}.Debug|Any CPU.Build.0 = Debug|Any CPU
		{AB9BEF46-67A2-4C91-9330-0C25E99C9FE8}.Debug|x64.ActiveCfg = Debug|Any CPU
		{AB9BEF46-67A2-4C91-9330-0C25E99C9FE8}.Debug|x64.Build.0 = Debug|Any CPU
		{AB9BEF46-67A2-4C91-9330-0C25E99C9FE8}.Release|Any CPU.ActiveCfg = Release|Any CPU
		{AB9BEF46-67A2-4C91-9330-0C25E99C9FE8}.Release|Any CPU.Build.0 = Release|Any CPU
		{AB9BEF46-67A2-4C91-9330-0C25E99C9FE8}.Release|x64.ActiveCfg = Release|Any CPU
		{AB9BEF46-67A2-4C91-9330-0C25E99C9FE8}.Release|x64.Build.0 = Release|Any CPU
	EndGlobalSection
	GlobalSection(SolutionProperties) = preSolution
		HideSolutionNode = FALSE
	EndGlobalSection
	GlobalSection(ExtensibilityGlobals) = postSolution
		SolutionGuid = {04EBC9CA-F464-4B77-AA27-57A6CB31A165}
	EndGlobalSection
EndGlobal
