
Microsoft Visual Studio Solution File, Format Version 12.00
# Visual Studio Version 16
VisualStudioVersion = 16.0.30011.22
MinimumVisualStudioVersion = 10.0.40219.1
Project("{9A19103F-16F7-4668-BE54-9A1E7A4F7556}") = "ShopDienThoai", "ShopDienThoai.csproj", "{7618689E-B40D-4183-B339-467091318203}"
EndProject
Project("{9A19103F-16F7-4668-BE54-9A1E7A4F7556}") = "ShopDienThoai.API", "..\ShopDienThoaiAPI\ShopDienThoai.API.csproj", "{AB9BEF46-67A2-4C91-9330-0C25E99C9FE8}"
EndProject
Project("{9A19103F-16F7-4668-BE54-9A1E7A4F7556}") = "ShopDienThoai.DAL.Interface", "..\ShopDienThoai.DAL.Interface\ShopDienThoai.DAL.Interface.csproj", "{760B8291-5F02-4E33-992C-F6DC41A1C96B}"
EndProject
Project("{9A19103F-16F7-4668-BE54-9A1E7A4F7556}") = "ShopDienThoai.DAL", "..\ShopDienThoai.DAL\ShopDienThoai.DAL.csproj", "{E7A0E705-3E27-40FE-A9C5-96001971C12A}"
EndProject
Project("{9A19103F-16F7-4668-BE54-9A1E7A4F7556}") = "ShopDienThoai.BAL.Interface", "..\ShopDienThoai.BAL.Interface\ShopDienThoai.BAL.Interface.csproj", "{15798908-6AFD-462E-9BD2-2DE21220658E}"
EndProject
Project("{9A19103F-16F7-4668-BE54-9A1E7A4F7556}") = "ShopDienThoai.BAL", "..\ShopDienThoai.BAL\ShopDienThoai.BAL.csproj", "{F07A17BE-9CA4-4B12-B1D5-9EB2597D6E22}"
EndProject
Project("{9A19103F-16F7-4668-BE54-9A1E7A4F7556}") = "ShopDienThoai.Domain", "..\ShopDienThoai.Domain\ShopDienThoai.Domain.csproj", "{95ED565A-9290-46E5-8E99-673EC65819C6}"
EndProject
Project("{FAE04EC0-301F-11D3-BF4B-00C04F79EFBC}") = "ShopDienThoai.Web", "..\ShopDienThoai.Web\ShopDienThoai.Web.csproj", "{5FAD2FAC-30BF-4507-8C8B-7F0E9E17C1A1}"
EndProject
Global
	GlobalSection(SolutionConfigurationPlatforms) = preSolution
		Debug|Any CPU = Debug|Any CPU
		Debug|x64 = Debug|x64
		Release|Any CPU = Release|Any CPU
		Release|x64 = Release|x64
	EndGlobalSection
	GlobalSection(ProjectConfigurationPlatforms) = postSolution
		{7618689E-B40D-4183-B339-467091318203}.Debug|Any CPU.ActiveCfg = Debug|Any CPU
		{7618689E-B40D-4183-B339-467091318203}.Debug|Any CPU.Build.0 = Debug|Any CPU
		{7618689E-B40D-4183-B339-467091318203}.Debug|x64.ActiveCfg = Debug|x64
		{7618689E-B40D-4183-B339-467091318203}.Debug|x64.Build.0 = Debug|x64
		{7618689E-B40D-4183-B339-467091318203}.Release|Any CPU.ActiveCfg = Release|Any CPU
		{7618689E-B40D-4183-B339-467091318203}.Release|Any CPU.Build.0 = Release|Any CPU
		{7618689E-B40D-4183-B339-467091318203}.Release|x64.ActiveCfg = Release|x64
		{7618689E-B40D-4183-B339-467091318203}.Release|x64.Build.0 = Release|x64
		{AB9BEF46-67A2-4C91-9330-0C25E99C9FE8}.Debug|Any CPU.ActiveCfg = Debug|Any CPU
		{AB9BEF46-67A2-4C91-9330-0C25E99C9FE8}.Debug|Any CPU.Build.0 = Debug|Any CPU
		{AB9BEF46-67A2-4C91-9330-0C25E99C9FE8}.Debug|x64.ActiveCfg = Debug|Any CPU
		{AB9BEF46-67A2-4C91-9330-0C25E99C9FE8}.Debug|x64.Build.0 = Debug|Any CPU
		{AB9BEF46-67A2-4C91-9330-0C25E99C9FE8}.Release|Any CPU.ActiveCfg = Release|Any CPU
		{AB9BEF46-67A2-4C91-9330-0C25E99C9FE8}.Release|Any CPU.Build.0 = Release|Any CPU
		{AB9BEF46-67A2-4C91-9330-0C25E99C9FE8}.Release|x64.ActiveCfg = Release|Any CPU
		{AB9BEF46-67A2-4C91-9330-0C25E99C9FE8}.Release|x64.Build.0 = Release|Any CPU
		{760B8291-5F02-4E33-992C-F6DC41A1C96B}.Debug|Any CPU.ActiveCfg = Debug|Any CPU
		{760B8291-5F02-4E33-992C-F6DC41A1C96B}.Debug|Any CPU.Build.0 = Debug|Any CPU
		{760B8291-5F02-4E33-992C-F6DC41A1C96B}.Debug|x64.ActiveCfg = Debug|Any CPU
		{760B8291-5F02-4E33-992C-F6DC41A1C96B}.Debug|x64.Build.0 = Debug|Any CPU
		{760B8291-5F02-4E33-992C-F6DC41A1C96B}.Release|Any CPU.ActiveCfg = Release|Any CPU
		{760B8291-5F02-4E33-992C-F6DC41A1C96B}.Release|Any CPU.Build.0 = Release|Any CPU
		{760B8291-5F02-4E33-992C-F6DC41A1C96B}.Release|x64.ActiveCfg = Release|Any CPU
		{760B8291-5F02-4E33-992C-F6DC41A1C96B}.Release|x64.Build.0 = Release|Any CPU
		{E7A0E705-3E27-40FE-A9C5-96001971C12A}.Debug|Any CPU.ActiveCfg = Debug|Any CPU
		{E7A0E705-3E27-40FE-A9C5-96001971C12A}.Debug|Any CPU.Build.0 = Debug|Any CPU
		{E7A0E705-3E27-40FE-A9C5-96001971C12A}.Debug|x64.ActiveCfg = Debug|Any CPU
		{E7A0E705-3E27-40FE-A9C5-96001971C12A}.Debug|x64.Build.0 = Debug|Any CPU
		{E7A0E705-3E27-40FE-A9C5-96001971C12A}.Release|Any CPU.ActiveCfg = Release|Any CPU
		{E7A0E705-3E27-40FE-A9C5-96001971C12A}.Release|Any CPU.Build.0 = Release|Any CPU
		{E7A0E705-3E27-40FE-A9C5-96001971C12A}.Release|x64.ActiveCfg = Release|Any CPU
		{E7A0E705-3E27-40FE-A9C5-96001971C12A}.Release|x64.Build.0 = Release|Any CPU
		{15798908-6AFD-462E-9BD2-2DE21220658E}.Debug|Any CPU.ActiveCfg = Debug|Any CPU
		{15798908-6AFD-462E-9BD2-2DE21220658E}.Debug|Any CPU.Build.0 = Debug|Any CPU
		{15798908-6AFD-462E-9BD2-2DE21220658E}.Debug|x64.ActiveCfg = Debug|Any CPU
		{15798908-6AFD-462E-9BD2-2DE21220658E}.Debug|x64.Build.0 = Debug|Any CPU
		{15798908-6AFD-462E-9BD2-2DE21220658E}.Release|Any CPU.ActiveCfg = Release|Any CPU
		{15798908-6AFD-462E-9BD2-2DE21220658E}.Release|Any CPU.Build.0 = Release|Any CPU
		{15798908-6AFD-462E-9BD2-2DE21220658E}.Release|x64.ActiveCfg = Release|Any CPU
		{15798908-6AFD-462E-9BD2-2DE21220658E}.Release|x64.Build.0 = Release|Any CPU
		{F07A17BE-9CA4-4B12-B1D5-9EB2597D6E22}.Debug|Any CPU.ActiveCfg = Debug|Any CPU
		{F07A17BE-9CA4-4B12-B1D5-9EB2597D6E22}.Debug|Any CPU.Build.0 = Debug|Any CPU
		{F07A17BE-9CA4-4B12-B1D5-9EB2597D6E22}.Debug|x64.ActiveCfg = Debug|Any CPU
		{F07A17BE-9CA4-4B12-B1D5-9EB2597D6E22}.Debug|x64.Build.0 = Debug|Any CPU
		{F07A17BE-9CA4-4B12-B1D5-9EB2597D6E22}.Release|Any CPU.ActiveCfg = Release|Any CPU
		{F07A17BE-9CA4-4B12-B1D5-9EB2597D6E22}.Release|Any CPU.Build.0 = Release|Any CPU
		{F07A17BE-9CA4-4B12-B1D5-9EB2597D6E22}.Release|x64.ActiveCfg = Release|Any CPU
		{F07A17BE-9CA4-4B12-B1D5-9EB2597D6E22}.Release|x64.Build.0 = Release|Any CPU
		{95ED565A-9290-46E5-8E99-673EC65819C6}.Debug|Any CPU.ActiveCfg = Debug|Any CPU
		{95ED565A-9290-46E5-8E99-673EC65819C6}.Debug|Any CPU.Build.0 = Debug|Any CPU
		{95ED565A-9290-46E5-8E99-673EC65819C6}.Debug|x64.ActiveCfg = Debug|Any CPU
		{95ED565A-9290-46E5-8E99-673EC65819C6}.Debug|x64.Build.0 = Debug|Any CPU
		{95ED565A-9290-46E5-8E99-673EC65819C6}.Release|Any CPU.ActiveCfg = Release|Any CPU
		{95ED565A-9290-46E5-8E99-673EC65819C6}.Release|Any CPU.Build.0 = Release|Any CPU
		{95ED565A-9290-46E5-8E99-673EC65819C6}.Release|x64.ActiveCfg = Release|Any CPU
		{95ED565A-9290-46E5-8E99-673EC65819C6}.Release|x64.Build.0 = Release|Any CPU
		{5FAD2FAC-30BF-4507-8C8B-7F0E9E17C1A1}.Debug|Any CPU.ActiveCfg = Debug|Any CPU
		{5FAD2FAC-30BF-4507-8C8B-7F0E9E17C1A1}.Debug|Any CPU.Build.0 = Debug|Any CPU
		{5FAD2FAC-30BF-4507-8C8B-7F0E9E17C1A1}.Debug|x64.ActiveCfg = Debug|Any CPU
		{5FAD2FAC-30BF-4507-8C8B-7F0E9E17C1A1}.Debug|x64.Build.0 = Debug|Any CPU
		{5FAD2FAC-30BF-4507-8C8B-7F0E9E17C1A1}.Release|Any CPU.ActiveCfg = Release|Any CPU
		{5FAD2FAC-30BF-4507-8C8B-7F0E9E17C1A1}.Release|Any CPU.Build.0 = Release|Any CPU
		{5FAD2FAC-30BF-4507-8C8B-7F0E9E17C1A1}.Release|x64.ActiveCfg = Release|Any CPU
		{5FAD2FAC-30BF-4507-8C8B-7F0E9E17C1A1}.Release|x64.Build.0 = Release|Any CPU
	EndGlobalSection
	GlobalSection(SolutionProperties) = preSolution
		HideSolutionNode = FALSE
	EndGlobalSection
	GlobalSection(ExtensibilityGlobals) = postSolution
		SolutionGuid = {04EBC9CA-F464-4B77-AA27-57A6CB31A165}
	EndGlobalSection
EndGlobal
